// !$*UTF8*$!
{
	archiveVersion = 1;
	classes = {
	};
	objectVersion = 56;
	objects = {

/* Begin PBXBuildFile section */
		934148A52BE2A4880057685D /* ProtegoApp.swift in Sources */ = {isa = PBXBuildFile; fileRef = 934148A42BE2A4880057685D /* ProtegoApp.swift */; };
		934148A72BE2A4880057685D /* HomeView.swift in Sources */ = {isa = PBXBuildFile; fileRef = 934148A62BE2A4880057685D /* HomeView.swift */; };
		934148A92BE2A4960057685D /* Assets.xcassets in Resources */ = {isa = PBXBuildFile; fileRef = 934148A82BE2A4960057685D /* Assets.xcassets */; };
		934148AC2BE2A4960057685D /* Preview Assets.xcassets in Resources */ = {isa = PBXBuildFile; fileRef = 934148AB2BE2A4960057685D /* Preview Assets.xcassets */; };
		934148B52BE2A6500057685D /* SoundClassifier.swift in Sources */ = {isa = PBXBuildFile; fileRef = 934148B42BE2A6500057685D /* SoundClassifier.swift */; };
		938989882BFA2CC30029CA52 /* AppDelegate.swift in Sources */ = {isa = PBXBuildFile; fileRef = 938989872BFA2CC20029CA52 /* AppDelegate.swift */; };
		938FE8882BF9239D00F1602E /* AppState.swift in Sources */ = {isa = PBXBuildFile; fileRef = 938FE8872BF9239D00F1602E /* AppState.swift */; };
		938FE88A2BF9463C00F1602E /* alarm.mp3 in Resources */ = {isa = PBXBuildFile; fileRef = 938FE8892BF9463C00F1602E /* alarm.mp3 */; };
		938FE88C2BF94F4000F1602E /* SplashScreenView.swift in Sources */ = {isa = PBXBuildFile; fileRef = 938FE88B2BF94F4000F1602E /* SplashScreenView.swift */; };
		938FE88E2BF9519000F1602E /* WaveformView.swift in Sources */ = {isa = PBXBuildFile; fileRef = 938FE88D2BF9519000F1602E /* WaveformView.swift */; };
		938FE8902BF95E4100F1602E /* ProtegoImage.swift in Sources */ = {isa = PBXBuildFile; fileRef = 938FE88F2BF95E4100F1602E /* ProtegoImage.swift */; };
		9398C04A2BF7F9FD00BE79E9 /* Protego.mlmodel in Sources */ = {isa = PBXBuildFile; fileRef = 9398C0492BF7F9FD00BE79E9 /* Protego.mlmodel */; };
		9398C04E2BF8BF7800BE79E9 /* NotificationsManager.swift in Sources */ = {isa = PBXBuildFile; fileRef = 9398C04D2BF8BF7800BE79E9 /* NotificationsManager.swift */; };
		9398C0502BF8C15400BE79E9 /* PermissionsManager.swift in Sources */ = {isa = PBXBuildFile; fileRef = 9398C04F2BF8C15400BE79E9 /* PermissionsManager.swift */; };
		9398C0532BF8C8DF00BE79E9 /* EmergencyView.swift in Sources */ = {isa = PBXBuildFile; fileRef = 9398C0522BF8C8DF00BE79E9 /* EmergencyView.swift */; };
		9398C0552BF90C8600BE79E9 /* OnboardingView.swift in Sources */ = {isa = PBXBuildFile; fileRef = 9398C0542BF90C8600BE79E9 /* OnboardingView.swift */; };
/* End PBXBuildFile section */

/* Begin PBXFileReference section */
		934148A12BE2A4880057685D /* Protego-Test.app */ = {isa = PBXFileReference; explicitFileType = wrapper.application; includeInIndex = 0; path = "Protego-Test.app"; sourceTree = BUILT_PRODUCTS_DIR; };
		934148A42BE2A4880057685D /* ProtegoApp.swift */ = {isa = PBXFileReference; lastKnownFileType = sourcecode.swift; path = ProtegoApp.swift; sourceTree = "<group>"; };
		934148A62BE2A4880057685D /* HomeView.swift */ = {isa = PBXFileReference; lastKnownFileType = sourcecode.swift; path = HomeView.swift; sourceTree = "<group>"; };
		934148A82BE2A4960057685D /* Assets.xcassets */ = {isa = PBXFileReference; lastKnownFileType = folder.assetcatalog; path = Assets.xcassets; sourceTree = "<group>"; };
		934148AB2BE2A4960057685D /* Preview Assets.xcassets */ = {isa = PBXFileReference; lastKnownFileType = folder.assetcatalog; path = "Preview Assets.xcassets"; sourceTree = "<group>"; };
		934148B42BE2A6500057685D /* SoundClassifier.swift */ = {isa = PBXFileReference; lastKnownFileType = sourcecode.swift; path = SoundClassifier.swift; sourceTree = "<group>"; };
		934148B62BE2A8C90057685D /* Info.plist */ = {isa = PBXFileReference; lastKnownFileType = text.plist; path = Info.plist; sourceTree = "<group>"; };
		938989872BFA2CC20029CA52 /* AppDelegate.swift */ = {isa = PBXFileReference; lastKnownFileType = sourcecode.swift; path = AppDelegate.swift; sourceTree = "<group>"; };
		938FE8872BF9239D00F1602E /* AppState.swift */ = {isa = PBXFileReference; lastKnownFileType = sourcecode.swift; path = AppState.swift; sourceTree = "<group>"; };
		938FE8892BF9463C00F1602E /* alarm.mp3 */ = {isa = PBXFileReference; lastKnownFileType = audio.mp3; path = alarm.mp3; sourceTree = "<group>"; };
		938FE88B2BF94F4000F1602E /* SplashScreenView.swift */ = {isa = PBXFileReference; lastKnownFileType = sourcecode.swift; path = SplashScreenView.swift; sourceTree = "<group>"; };
		938FE88D2BF9519000F1602E /* WaveformView.swift */ = {isa = PBXFileReference; lastKnownFileType = sourcecode.swift; path = WaveformView.swift; sourceTree = "<group>"; };
		938FE88F2BF95E4100F1602E /* ProtegoImage.swift */ = {isa = PBXFileReference; lastKnownFileType = sourcecode.swift; path = ProtegoImage.swift; sourceTree = "<group>"; };
		9398C0492BF7F9FD00BE79E9 /* Protego.mlmodel */ = {isa = PBXFileReference; lastKnownFileType = file.mlmodel; path = Protego.mlmodel; sourceTree = "<group>"; };
		9398C04D2BF8BF7800BE79E9 /* NotificationsManager.swift */ = {isa = PBXFileReference; lastKnownFileType = sourcecode.swift; path = NotificationsManager.swift; sourceTree = "<group>"; };
		9398C04F2BF8C15400BE79E9 /* PermissionsManager.swift */ = {isa = PBXFileReference; lastKnownFileType = sourcecode.swift; path = PermissionsManager.swift; sourceTree = "<group>"; };
		9398C0522BF8C8DF00BE79E9 /* EmergencyView.swift */ = {isa = PBXFileReference; lastKnownFileType = sourcecode.swift; path = EmergencyView.swift; sourceTree = "<group>"; };
		9398C0542BF90C8600BE79E9 /* OnboardingView.swift */ = {isa = PBXFileReference; lastKnownFileType = sourcecode.swift; path = OnboardingView.swift; sourceTree = "<group>"; };
/* End PBXFileReference section */

/* Begin PBXFrameworksBuildPhase section */
		9341489E2BE2A4880057685D /* Frameworks */ = {
			isa = PBXFrameworksBuildPhase;
			buildActionMask = 2147483647;
			files = (
			);
			runOnlyForDeploymentPostprocessing = 0;
		};
/* End PBXFrameworksBuildPhase section */

/* Begin PBXGroup section */
		934148982BE2A4880057685D = {
			isa = PBXGroup;
			children = (
				934148A32BE2A4880057685D /* Protego-Test */,
				934148A22BE2A4880057685D /* Products */,
			);
			sourceTree = "<group>";
		};
		934148A22BE2A4880057685D /* Products */ = {
			isa = PBXGroup;
			children = (
				934148A12BE2A4880057685D /* Protego-Test.app */,
			);
			name = Products;
			sourceTree = "<group>";
		};
		934148A32BE2A4880057685D /* Protego-Test */ = {
			isa = PBXGroup;
			children = (
				938FE8892BF9463C00F1602E /* alarm.mp3 */,
				9398C0492BF7F9FD00BE79E9 /* Protego.mlmodel */,
				934148B62BE2A8C90057685D /* Info.plist */,
				934148A42BE2A4880057685D /* ProtegoApp.swift */,
				938FE88B2BF94F4000F1602E /* SplashScreenView.swift */,
				9398C0542BF90C8600BE79E9 /* OnboardingView.swift */,
				934148A62BE2A4880057685D /* HomeView.swift */,
				9398C0522BF8C8DF00BE79E9 /* EmergencyView.swift */,
				938FE88D2BF9519000F1602E /* WaveformView.swift */,
				938FE88F2BF95E4100F1602E /* ProtegoImage.swift */,
				934148B42BE2A6500057685D /* SoundClassifier.swift */,
				938989872BFA2CC20029CA52 /* AppDelegate.swift */,
				938FE8872BF9239D00F1602E /* AppState.swift */,
				9398C04D2BF8BF7800BE79E9 /* NotificationsManager.swift */,
				9398C04F2BF8C15400BE79E9 /* PermissionsManager.swift */,
				934148A82BE2A4960057685D /* Assets.xcassets */,
				934148AA2BE2A4960057685D /* Preview Content */,
			);
			path = "Protego-Test";
			sourceTree = "<group>";
		};
		934148AA2BE2A4960057685D /* Preview Content */ = {
			isa = PBXGroup;
			children = (
				934148AB2BE2A4960057685D /* Preview Assets.xcassets */,
			);
			path = "Preview Content";
			sourceTree = "<group>";
		};
/* End PBXGroup section */

/* Begin PBXNativeTarget section */
		934148A02BE2A4880057685D /* Protego-Test */ = {
			isa = PBXNativeTarget;
			buildConfigurationList = 934148AF2BE2A4960057685D /* Build configuration list for PBXNativeTarget "Protego-Test" */;
			buildPhases = (
				9341489D2BE2A4880057685D /* Sources */,
				9341489E2BE2A4880057685D /* Frameworks */,
				9341489F2BE2A4880057685D /* Resources */,
			);
			buildRules = (
			);
			dependencies = (
			);
			name = "Protego-Test";
			productName = "Protego-Test";
			productReference = 934148A12BE2A4880057685D /* Protego-Test.app */;
			productType = "com.apple.product-type.application";
		};
/* End PBXNativeTarget section */

/* Begin PBXProject section */
		934148992BE2A4880057685D /* Project object */ = {
			isa = PBXProject;
			attributes = {
				BuildIndependentTargetsInParallel = 1;
				LastSwiftUpdateCheck = 1520;
				LastUpgradeCheck = 1520;
				TargetAttributes = {
					934148A02BE2A4880057685D = {
						CreatedOnToolsVersion = 15.2;
					};
				};
			};
			buildConfigurationList = 9341489C2BE2A4880057685D /* Build configuration list for PBXProject "Protego-Test" */;
			compatibilityVersion = "Xcode 14.0";
			developmentRegion = en;
			hasScannedForEncodings = 0;
			knownRegions = (
				en,
				Base,
			);
			mainGroup = 934148982BE2A4880057685D;
			productRefGroup = 934148A22BE2A4880057685D /* Products */;
			projectDirPath = "";
			projectRoot = "";
			targets = (
				934148A02BE2A4880057685D /* Protego-Test */,
			);
		};
/* End PBXProject section */

/* Begin PBXResourcesBuildPhase section */
		9341489F2BE2A4880057685D /* Resources */ = {
			isa = PBXResourcesBuildPhase;
			buildActionMask = 2147483647;
			files = (
				934148AC2BE2A4960057685D /* Preview Assets.xcassets in Resources */,
				934148A92BE2A4960057685D /* Assets.xcassets in Resources */,
				938FE88A2BF9463C00F1602E /* alarm.mp3 in Resources */,
			);
			runOnlyForDeploymentPostprocessing = 0;
		};
/* End PBXResourcesBuildPhase section */

/* Begin PBXSourcesBuildPhase section */
		9341489D2BE2A4880057685D /* Sources */ = {
			isa = PBXSourcesBuildPhase;
			buildActionMask = 2147483647;
			files = (
				9398C0532BF8C8DF00BE79E9 /* EmergencyView.swift in Sources */,
				938FE8882BF9239D00F1602E /* AppState.swift in Sources */,
				934148A72BE2A4880057685D /* HomeView.swift in Sources */,
				9398C0502BF8C15400BE79E9 /* PermissionsManager.swift in Sources */,
				9398C0552BF90C8600BE79E9 /* OnboardingView.swift in Sources */,
				9398C04E2BF8BF7800BE79E9 /* NotificationsManager.swift in Sources */,
				938FE88C2BF94F4000F1602E /* SplashScreenView.swift in Sources */,
				934148A52BE2A4880057685D /* ProtegoApp.swift in Sources */,
				938989882BFA2CC30029CA52 /* AppDelegate.swift in Sources */,
				938FE8902BF95E4100F1602E /* ProtegoImage.swift in Sources */,
				934148B52BE2A6500057685D /* SoundClassifier.swift in Sources */,
				9398C04A2BF7F9FD00BE79E9 /* Protego.mlmodel in Sources */,
				938FE88E2BF9519000F1602E /* WaveformView.swift in Sources */,
			);
			runOnlyForDeploymentPostprocessing = 0;
		};
/* End PBXSourcesBuildPhase section */

/* Begin XCBuildConfiguration section */
		934148AD2BE2A4960057685D /* Debug */ = {
			isa = XCBuildConfiguration;
			buildSettings = {
				ALWAYS_SEARCH_USER_PATHS = NO;
				ASSETCATALOG_COMPILER_GENERATE_SWIFT_ASSET_SYMBOL_EXTENSIONS = YES;
				CLANG_ANALYZER_NONNULL = YES;
				CLANG_ANALYZER_NUMBER_OBJECT_CONVERSION = YES_AGGRESSIVE;
				CLANG_CXX_LANGUAGE_STANDARD = "gnu++20";
				CLANG_ENABLE_MODULES = YES;
				CLANG_ENABLE_OBJC_ARC = YES;
				CLANG_ENABLE_OBJC_WEAK = YES;
				CLANG_WARN_BLOCK_CAPTURE_AUTORELEASING = YES;
				CLANG_WARN_BOOL_CONVERSION = YES;
				CLANG_WARN_COMMA = YES;
				CLANG_WARN_CONSTANT_CONVERSION = YES;
				CLANG_WARN_DEPRECATED_OBJC_IMPLEMENTATIONS = YES;
				CLANG_WARN_DIRECT_OBJC_ISA_USAGE = YES_ERROR;
				CLANG_WARN_DOCUMENTATION_COMMENTS = YES;
				CLANG_WARN_EMPTY_BODY = YES;
				CLANG_WARN_ENUM_CONVERSION = YES;
				CLANG_WARN_INFINITE_RECURSION = YES;
				CLANG_WARN_INT_CONVERSION = YES;
				CLANG_WARN_NON_LITERAL_NULL_CONVERSION = YES;
				CLANG_WARN_OBJC_IMPLICIT_RETAIN_SELF = YES;
				CLANG_WARN_OBJC_LITERAL_CONVERSION = YES;
				CLANG_WARN_OBJC_ROOT_CLASS = YES_ERROR;
				CLANG_WARN_QUOTED_INCLUDE_IN_FRAMEWORK_HEADER = YES;
				CLANG_WARN_RANGE_LOOP_ANALYSIS = YES;
				CLANG_WARN_STRICT_PROTOTYPES = YES;
				CLANG_WARN_SUSPICIOUS_MOVE = YES;
				CLANG_WARN_UNGUARDED_AVAILABILITY = YES_AGGRESSIVE;
				CLANG_WARN_UNREACHABLE_CODE = YES;
				CLANG_WARN__DUPLICATE_METHOD_MATCH = YES;
				COPY_PHASE_STRIP = NO;
				DEBUG_INFORMATION_FORMAT = dwarf;
				ENABLE_STRICT_OBJC_MSGSEND = YES;
				ENABLE_TESTABILITY = YES;
				ENABLE_USER_SCRIPT_SANDBOXING = YES;
				GCC_C_LANGUAGE_STANDARD = gnu17;
				GCC_DYNAMIC_NO_PIC = NO;
				GCC_NO_COMMON_BLOCKS = YES;
				GCC_OPTIMIZATION_LEVEL = 0;
				GCC_PREPROCESSOR_DEFINITIONS = (
					"DEBUG=1",
					"$(inherited)",
				);
				GCC_WARN_64_TO_32_BIT_CONVERSION = YES;
				GCC_WARN_ABOUT_RETURN_TYPE = YES_ERROR;
				GCC_WARN_UNDECLARED_SELECTOR = YES;
				GCC_WARN_UNINITIALIZED_AUTOS = YES_AGGRESSIVE;
				GCC_WARN_UNUSED_FUNCTION = YES;
				GCC_WARN_UNUSED_VARIABLE = YES;
				IPHONEOS_DEPLOYMENT_TARGET = 17.2;
				LOCALIZATION_PREFERS_STRING_CATALOGS = YES;
				MTL_ENABLE_DEBUG_INFO = INCLUDE_SOURCE;
				MTL_FAST_MATH = YES;
				ONLY_ACTIVE_ARCH = YES;
				SDKROOT = iphoneos;
				SWIFT_ACTIVE_COMPILATION_CONDITIONS = "DEBUG $(inherited)";
				SWIFT_OPTIMIZATION_LEVEL = "-Onone";
			};
			name = Debug;
		};
		934148AE2BE2A4960057685D /* Release */ = {
			isa = XCBuildConfiguration;
			buildSettings = {
				ALWAYS_SEARCH_USER_PATHS = NO;
				ASSETCATALOG_COMPILER_GENERATE_SWIFT_ASSET_SYMBOL_EXTENSIONS = YES;
				CLANG_ANALYZER_NONNULL = YES;
				CLANG_ANALYZER_NUMBER_OBJECT_CONVERSION = YES_AGGRESSIVE;
				CLANG_CXX_LANGUAGE_STANDARD = "gnu++20";
				CLANG_ENABLE_MODULES = YES;
				CLANG_ENABLE_OBJC_ARC = YES;
				CLANG_ENABLE_OBJC_WEAK = YES;
				CLANG_WARN_BLOCK_CAPTURE_AUTORELEASING = YES;
				CLANG_WARN_BOOL_CONVERSION = YES;
				CLANG_WARN_COMMA = YES;
				CLANG_WARN_CONSTANT_CONVERSION = YES;
				CLANG_WARN_DEPRECATED_OBJC_IMPLEMENTATIONS = YES;
				CLANG_WARN_DIRECT_OBJC_ISA_USAGE = YES_ERROR;
				CLANG_WARN_DOCUMENTATION_COMMENTS = YES;
				CLANG_WARN_EMPTY_BODY = YES;
				CLANG_WARN_ENUM_CONVERSION = YES;
				CLANG_WARN_INFINITE_RECURSION = YES;
				CLANG_WARN_INT_CONVERSION = YES;
				CLANG_WARN_NON_LITERAL_NULL_CONVERSION = YES;
				CLANG_WARN_OBJC_IMPLICIT_RETAIN_SELF = YES;
				CLANG_WARN_OBJC_LITERAL_CONVERSION = YES;
				CLANG_WARN_OBJC_ROOT_CLASS = YES_ERROR;
				CLANG_WARN_QUOTED_INCLUDE_IN_FRAMEWORK_HEADER = YES;
				CLANG_WARN_RANGE_LOOP_ANALYSIS = YES;
				CLANG_WARN_STRICT_PROTOTYPES = YES;
				CLANG_WARN_SUSPICIOUS_MOVE = YES;
				CLANG_WARN_UNGUARDED_AVAILABILITY = YES_AGGRESSIVE;
				CLANG_WARN_UNREACHABLE_CODE = YES;
				CLANG_WARN__DUPLICATE_METHOD_MATCH = YES;
				COPY_PHASE_STRIP = NO;
				DEBUG_INFORMATION_FORMAT = "dwarf-with-dsym";
				ENABLE_NS_ASSERTIONS = NO;
				ENABLE_STRICT_OBJC_MSGSEND = YES;
				ENABLE_USER_SCRIPT_SANDBOXING = YES;
				GCC_C_LANGUAGE_STANDARD = gnu17;
				GCC_NO_COMMON_BLOCKS = YES;
				GCC_WARN_64_TO_32_BIT_CONVERSION = YES;
				GCC_WARN_ABOUT_RETURN_TYPE = YES_ERROR;
				GCC_WARN_UNDECLARED_SELECTOR = YES;
				GCC_WARN_UNINITIALIZED_AUTOS = YES_AGGRESSIVE;
				GCC_WARN_UNUSED_FUNCTION = YES;
				GCC_WARN_UNUSED_VARIABLE = YES;
				IPHONEOS_DEPLOYMENT_TARGET = 17.2;
				LOCALIZATION_PREFERS_STRING_CATALOGS = YES;
				MTL_ENABLE_DEBUG_INFO = NO;
				MTL_FAST_MATH = YES;
				SDKROOT = iphoneos;
				SWIFT_COMPILATION_MODE = wholemodule;
				VALIDATE_PRODUCT = YES;
			};
			name = Release;
		};
		934148B02BE2A4960057685D /* Debug */ = {
			isa = XCBuildConfiguration;
			buildSettings = {
				ASSETCATALOG_COMPILER_APPICON_NAME = AppIcon;
				ASSETCATALOG_COMPILER_GLOBAL_ACCENT_COLOR_NAME = AccentColor;
				CODE_SIGN_IDENTITY = "Apple Development";
				CODE_SIGN_STYLE = Automatic;
				CURRENT_PROJECT_VERSION = 1;
				DEVELOPMENT_ASSET_PATHS = "\"Protego-Test/Preview Content\"";
				DEVELOPMENT_TEAM = JNRUDPLA3G;
				ENABLE_PREVIEWS = YES;
				GENERATE_INFOPLIST_FILE = YES;
				INFOPLIST_FILE = "Protego-Test/Info.plist";
				INFOPLIST_KEY_NSMicrophoneUsageDescription = Please;
				INFOPLIST_KEY_UIApplicationSceneManifest_Generation = YES;
				INFOPLIST_KEY_UIApplicationSupportsIndirectInputEvents = YES;
				INFOPLIST_KEY_UILaunchScreen_Generation = YES;
				INFOPLIST_KEY_UISupportedInterfaceOrientations_iPad = "UIInterfaceOrientationPortrait UIInterfaceOrientationPortraitUpsideDown UIInterfaceOrientationLandscapeLeft UIInterfaceOrientationLandscapeRight";
				INFOPLIST_KEY_UISupportedInterfaceOrientations_iPhone = "UIInterfaceOrientationPortrait UIInterfaceOrientationLandscapeLeft UIInterfaceOrientationLandscapeRight";
				IPHONEOS_DEPLOYMENT_TARGET = 15.0;
				LD_RUNPATH_SEARCH_PATHS = (
					"$(inherited)",
					"@executable_path/Frameworks",
				);
				MARKETING_VERSION = 1.0;
				PRODUCT_BUNDLE_IDENTIFIER = "Raoul.Protego-Test";
				PRODUCT_NAME = "$(TARGET_NAME)";
				PROVISIONING_PROFILE_SPECIFIER = "";
				SWIFT_EMIT_LOC_STRINGS = YES;
				SWIFT_VERSION = 5.0;
				TARGETED_DEVICE_FAMILY = "1,2";
			};
			name = Debug;
		};
		934148B12BE2A4960057685D /* Release */ = {
			isa = XCBuildConfiguration;
			buildSettings = {
				ASSETCATALOG_COMPILER_APPICON_NAME = AppIcon;
				ASSETCATALOG_COMPILER_GLOBAL_ACCENT_COLOR_NAME = AccentColor;
				CODE_SIGN_IDENTITY = "Apple Development";
				CODE_SIGN_STYLE = Manual;
				CURRENT_PROJECT_VERSION = 1;
				DEVELOPMENT_ASSET_PATHS = "\"Protego-Test/Preview Content\"";
				DEVELOPMENT_TEAM = "";
				ENABLE_PREVIEWS = YES;
				GENERATE_INFOPLIST_FILE = YES;
				INFOPLIST_FILE = "Protego-Test/Info.plist";
				INFOPLIST_KEY_NSMicrophoneUsageDescription = Please;
				INFOPLIST_KEY_UIApplicationSceneManifest_Generation = YES;
				INFOPLIST_KEY_UIApplicationSupportsIndirectInputEvents = YES;
				INFOPLIST_KEY_UILaunchScreen_Generation = YES;
				INFOPLIST_KEY_UISupportedInterfaceOrientations_iPad = "UIInterfaceOrientationPortrait UIInterfaceOrientationPortraitUpsideDown UIInterfaceOrientationLandscapeLeft UIInterfaceOrientationLandscapeRight";
				INFOPLIST_KEY_UISupportedInterfaceOrientations_iPhone = "UIInterfaceOrientationPortrait UIInterfaceOrientationLandscapeLeft UIInterfaceOrientationLandscapeRight";
				IPHONEOS_DEPLOYMENT_TARGET = 15.0;
				LD_RUNPATH_SEARCH_PATHS = (
					"$(inherited)",
					"@executable_path/Frameworks",
				);
				MARKETING_VERSION = 1.0;
				PRODUCT_BUNDLE_IDENTIFIER = "Raoul.Protego-Test";
				PRODUCT_NAME = "$(TARGET_NAME)";
				PROVISIONING_PROFILE_SPECIFIER = "";
				SWIFT_EMIT_LOC_STRINGS = YES;
				SWIFT_VERSION = 5.0;
				TARGETED_DEVICE_FAMILY = "1,2";
			};
			name = Release;
		};
/* End XCBuildConfiguration section */

/* Begin XCConfigurationList section */
		9341489C2BE2A4880057685D /* Build configuration list for PBXProject "Protego-Test" */ = {
			isa = XCConfigurationList;
			buildConfigurations = (
				934148AD2BE2A4960057685D /* Debug */,
				934148AE2BE2A4960057685D /* Release */,
			);
			defaultConfigurationIsVisible = 0;
			defaultConfigurationName = Release;
		};
		934148AF2BE2A4960057685D /* Build configuration list for PBXNativeTarget "Protego-Test" */ = {
			isa = XCConfigurationList;
			buildConfigurations = (
				934148B02BE2A4960057685D /* Debug */,
				934148B12BE2A4960057685D /* Release */,
			);
			defaultConfigurationIsVisible = 0;
			defaultConfigurationName = Release;
		};
/* End XCConfigurationList section */
	};
	rootObject = 934148992BE2A4880057685D /* Project object */;
}
